
Microsoft Visual Studio Solution File, Format Version 12.00
# Visual Studio Version 16
VisualStudioVersion = 16.0.31005.135
MinimumVisualStudioVersion = 10.0.40219.1
Project("{9A19103F-16F7-4668-BE54-9A1E7A4F7556}") = "MatviiList", "MatviiList\MatviiList.csproj", "{23E10063-518F-4028-BB17-7B413FC2C0B3}"
EndProject
Project("{9A19103F-16F7-4668-BE54-9A1E7A4F7556}") = "MatviiListTests", "MatviiListTests\MatviiListTests.csproj", "{3DD055E6-AF51-409B-8156-3FD400D0CED1}"
EndProject
Global
	GlobalSection(SolutionConfigurationPlatforms) = preSolution
		Debug|Any CPU = Debug|Any CPU
		Release|Any CPU = Release|Any CPU
	EndGlobalSection
	GlobalSection(ProjectConfigurationPlatforms) = postSolution
		{23E10063-518F-4028-BB17-7B413FC2C0B3}.Debug|Any CPU.ActiveCfg = Debug|Any CPU
		{23E10063-518F-4028-BB17-7B413FC2C0B3}.Debug|Any CPU.Build.0 = Debug|Any CPU
		{23E10063-518F-4028-BB17-7B413FC2C0B3}.Release|Any CPU.ActiveCfg = Release|Any CPU
		{23E10063-518F-4028-BB17-7B413FC2C0B3}.Release|Any CPU.Build.0 = Release|Any CPU
		{3DD055E6-AF51-409B-8156-3FD400D0CED1}.Debug|Any CPU.ActiveCfg = Debug|Any CPU
		{3DD055E6-AF51-409B-8156-3FD400D0CED1}.Debug|Any CPU.Build.0 = Debug|Any CPU
		{3DD055E6-AF51-409B-8156-3FD400D0CED1}.Release|Any CPU.ActiveCfg = Release|Any CPU
		{3DD055E6-AF51-409B-8156-3FD400D0CED1}.Release|Any CPU.Build.0 = Release|Any CPU
	EndGlobalSection
	GlobalSection(SolutionProperties) = preSolution
		HideSolutionNode = FALSE
	EndGlobalSection
	GlobalSection(ExtensibilityGlobals) = postSolution
		SolutionGuid = {4A2019A9-A90E-441C-B8B6-9CB5286465B4}
	EndGlobalSection
EndGlobal
